Microsoft Visual Studio Solution File, Format Version 11.00
# Visual Studio 2008

Project("{26FDCF37-EEBA-EA13-8BB2-635A954B58C6}") = "AssetBundleTry", "Assembly-CSharp.csproj", "{A33D5CB4-C82B-DCC4-41BA-F711296835F0}"
EndProject
Project("{26FDCF37-EEBA-EA13-8BB2-635A954B58C6}") = "AssetBundleTry", "Assembly-CSharp-Editor.csproj", "{A3E8C98F-2165-D972-95E3-1CEDD0DCF16A}"
EndProject
Global
	GlobalSection(SolutionConfigurationPlatforms) = preSolution
		Debug|Any CPU = Debug|Any CPU
		Release|Any CPU = Release|Any CPU
	EndGlobalSection
	GlobalSection(ProjectConfigurationPlatforms) = postSolution
		{A33D5CB4-C82B-DCC4-41BA-F711296835F0}.Debug|Any CPU.ActiveCfg = Debug|Any CPU
		{A33D5CB4-C82B-DCC4-41BA-F711296835F0}.Debug|Any CPU.Build.0 = Debug|Any CPU
		{A33D5CB4-C82B-DCC4-41BA-F711296835F0}.Release|Any CPU.ActiveCfg = Release|Any CPU
		{A33D5CB4-C82B-DCC4-41BA-F711296835F0}.Release|Any CPU.Build.0 = Release|Any CPU
		{A3E8C98F-2165-D972-95E3-1CEDD0DCF16A}.Debug|Any CPU.ActiveCfg = Debug|Any CPU
		{A3E8C98F-2165-D972-95E3-1CEDD0DCF16A}.Debug|Any CPU.Build.0 = Debug|Any CPU
		{A3E8C98F-2165-D972-95E3-1CEDD0DCF16A}.Release|Any CPU.ActiveCfg = Release|Any CPU
		{A3E8C98F-2165-D972-95E3-1CEDD0DCF16A}.Release|Any CPU.Build.0 = Release|Any CPU
	EndGlobalSection
	GlobalSection(SolutionProperties) = preSolution
		HideSolutionNode = FALSE
	EndGlobalSection
	GlobalSection(MonoDevelopProperties) = preSolution
		StartupItem = Assembly-CSharp.csproj
	EndGlobalSection
EndGlobal
